// !$*UTF8*$!
{
	archiveVersion = 1;
	classes = {
	};
	objectVersion = 46;
	objects = {

/* Begin PBXBuildFile section */
		D8DD0AAA19E482D800CB0DA3 /* AppDelegate.swift in Sources */ = {isa = PBXBuildFile; fileRef = D8DD0AA919E482D800CB0DA3 /* AppDelegate.swift */; };
		D8DD0AAC19E482D800CB0DA3 /* ViewController.swift in Sources */ = {isa = PBXBuildFile; fileRef = D8DD0AAB19E482D800CB0DA3 /* ViewController.swift */; };
		D8DD0AAF19E482D800CB0DA3 /* Main.storyboard in Resources */ = {isa = PBXBuildFile; fileRef = D8DD0AAD19E482D800CB0DA3 /* Main.storyboard */; };
		D8DD0AB119E482D800CB0DA3 /* Images.xcassets in Resources */ = {isa = PBXBuildFile; fileRef = D8DD0AB019E482D800CB0DA3 /* Images.xcassets */; };
		D8DD0AB419E482D800CB0DA3 /* LaunchScreen.xib in Resources */ = {isa = PBXBuildFile; fileRef = D8DD0AB219E482D800CB0DA3 /* LaunchScreen.xib */; };
		D8DD0AC019E482D800CB0DA3 /* Area_CalculatorTests.swift in Sources */ = {isa = PBXBuildFile; fileRef = D8DD0ABF19E482D800CB0DA3 /* Area_CalculatorTests.swift */; };
/* End PBXBuildFile section */

/* Begin PBXContainerItemProxy section */
		D8DD0ABA19E482D800CB0DA3 /* PBXContainerItemProxy */ = {
			isa = PBXContainerItemProxy;
			containerPortal = D8DD0A9C19E482D800CB0DA3 /* Project object */;
			proxyType = 1;
			remoteGlobalIDString = D8DD0AA319E482D800CB0DA3;
			remoteInfo = "Area Calculator";
		};
/* End PBXContainerItemProxy section */

/* Begin PBXFileReference section */
		D8DD0AA419E482D800CB0DA3 /* Area Calculator.app */ = {isa = PBXFileReference; explicitFileType = wrapper.application; includeInIndex = 0; path = "Area Calculator.app"; sourceTree = BUILT_PRODUCTS_DIR; };
		D8DD0AA819E482D800CB0DA3 /* Info.plist */ = {isa = PBXFileReference; lastKnownFileType = text.plist.xml; path = Info.plist; sourceTree = "<group>"; };
		D8DD0AA919E482D800CB0DA3 /* AppDelegate.swift */ = {isa = PBXFileReference; lastKnownFileType = sourcecode.swift; path = AppDelegate.swift; sourceTree = "<group>"; };
		D8DD0AAB19E482D800CB0DA3 /* ViewController.swift */ = {isa = PBXFileReference; lastKnownFileType = sourcecode.swift; path = ViewController.swift; sourceTree = "<group>"; };
		D8DD0AAE19E482D800CB0DA3 /* Base */ = {isa = PBXFileReference; lastKnownFileType = file.storyboard; name = Base; path = Base.lproj/Main.storyboard; sourceTree = "<group>"; };
		D8DD0AB019E482D800CB0DA3 /* Images.xcassets */ = {isa = PBXFileReference; lastKnownFileType = folder.assetcatalog; path = Images.xcassets; sourceTree = "<group>"; };
		D8DD0AB319E482D800CB0DA3 /* Base */ = {isa = PBXFileReference; lastKnownFileType = file.xib; name = Base; path = Base.lproj/LaunchScreen.xib; sourceTree = "<group>"; };
		D8DD0AB919E482D800CB0DA3 /* Area CalculatorTests.xctest */ = {isa = PBXFileReference; explicitFileType = wrapper.cfbundle; includeInIndex = 0; path = "Area CalculatorTests.xctest"; sourceTree = BUILT_PRODUCTS_DIR; };
		D8DD0ABE19E482D800CB0DA3 /* Info.plist */ = {isa = PBXFileReference; lastKnownFileType = text.plist.xml; path = Info.plist; sourceTree = "<group>"; };
		D8DD0ABF19E482D800CB0DA3 /* Area_CalculatorTests.swift */ = {isa = PBXFileReference; lastKnownFileType = sourcecode.swift; path = Area_CalculatorTests.swift; sourceTree = "<group>"; };
/* End PBXFileReference section */

/* Begin PBXFrameworksBuildPhase section */
		D8DD0AA119E482D800CB0DA3 /* Frameworks */ = {
			isa = PBXFrameworksBuildPhase;
			buildActionMask = 2147483647;
			files = (
			);
			runOnlyForDeploymentPostprocessing = 0;
		};
		D8DD0AB619E482D800CB0DA3 /* Frameworks */ = {
			isa = PBXFrameworksBuildPhase;
			buildActionMask = 2147483647;
			files = (
			);
			runOnlyForDeploymentPostprocessing = 0;
		};
/* End PBXFrameworksBuildPhase section */

/* Begin PBXGroup section */
		D8DD0A9B19E482D800CB0DA3 = {
			isa = PBXGroup;
			children = (
				D8DD0AA619E482D800CB0DA3 /* Area Calculator */,
				D8DD0ABC19E482D800CB0DA3 /* Area CalculatorTests */,
				D8DD0AA519E482D800CB0DA3 /* Products */,
			);
			sourceTree = "<group>";
		};
		D8DD0AA519E482D800CB0DA3 /* Products */ = {
			isa = PBXGroup;
			children = (
				D8DD0AA419E482D800CB0DA3 /* Area Calculator.app */,
				D8DD0AB919E482D800CB0DA3 /* Area CalculatorTests.xctest */,
			);
			name = Products;
			sourceTree = "<group>";
		};
		D8DD0AA619E482D800CB0DA3 /* Area Calculator */ = {
			isa = PBXGroup;
			children = (
				D8DD0AA919E482D800CB0DA3 /* AppDelegate.swift */,
				D8DD0AAB19E482D800CB0DA3 /* ViewController.swift */,
				D8DD0AAD19E482D800CB0DA3 /* Main.storyboard */,
				D8DD0AB019E482D800CB0DA3 /* Images.xcassets */,
				D8DD0AB219E482D800CB0DA3 /* LaunchScreen.xib */,
				D8DD0AA719E482D800CB0DA3 /* Supporting Files */,
			);
			path = "Area Calculator";
			sourceTree = "<group>";
		};
		D8DD0AA719E482D800CB0DA3 /* Supporting Files */ = {
			isa = PBXGroup;
			children = (
				D8DD0AA819E482D800CB0DA3 /* Info.plist */,
			);
			name = "Supporting Files";
			sourceTree = "<group>";
		};
		D8DD0ABC19E482D800CB0DA3 /* Area CalculatorTests */ = {
			isa = PBXGroup;
			children = (
				D8DD0ABF19E482D800CB0DA3 /* Area_CalculatorTests.swift */,
				D8DD0ABD19E482D800CB0DA3 /* Supporting Files */,
			);
			path = "Area CalculatorTests";
			sourceTree = "<group>";
		};
		D8DD0ABD19E482D800CB0DA3 /* Supporting Files */ = {
			isa = PBXGroup;
			children = (
				D8DD0ABE19E482D800CB0DA3 /* Info.plist */,
			);
			name = "Supporting Files";
			sourceTree = "<group>";
		};
/* End PBXGroup section */

/* Begin PBXNativeTarget section */
		D8DD0AA319E482D800CB0DA3 /* Area Calculator */ = {
			isa = PBXNativeTarget;
			buildConfigurationList = D8DD0AC319E482D800CB0DA3 /* Build configuration list for PBXNativeTarget "Area Calculator" */;
			buildPhases = (
				D8DD0AA019E482D800CB0DA3 /* Sources */,
				D8DD0AA119E482D800CB0DA3 /* Frameworks */,
				D8DD0AA219E482D800CB0DA3 /* Resources */,
			);
			buildRules = (
			);
			dependencies = (
			);
			name = "Area Calculator";
			productName = "Area Calculator";
			productReference = D8DD0AA419E482D800CB0DA3 /* Area Calculator.app */;
			productType = "com.apple.product-type.application";
		};
		D8DD0AB819E482D800CB0DA3 /* Area CalculatorTests */ = {
			isa = PBXNativeTarget;
			buildConfigurationList = D8DD0AC619E482D800CB0DA3 /* Build configuration list for PBXNativeTarget "Area CalculatorTests" */;
			buildPhases = (
				D8DD0AB519E482D800CB0DA3 /* Sources */,
				D8DD0AB619E482D800CB0DA3 /* Frameworks */,
				D8DD0AB719E482D800CB0DA3 /* Resources */,
			);
			buildRules = (
			);
			dependencies = (
				D8DD0ABB19E482D800CB0DA3 /* PBXTargetDependency */,
			);
			name = "Area CalculatorTests";
			productName = "Area CalculatorTests";
			productReference = D8DD0AB919E482D800CB0DA3 /* Area CalculatorTests.xctest */;
			productType = "com.apple.product-type.bundle.unit-test";
		};
/* End PBXNativeTarget section */

/* Begin PBXProject section */
		D8DD0A9C19E482D800CB0DA3 /* Project object */ = {
			isa = PBXProject;
			attributes = {
				LastUpgradeCheck = 0600;
				ORGANIZATIONNAME = "Carpenter, Vinny";
				TargetAttributes = {
					D8DD0AA319E482D800CB0DA3 = {
						CreatedOnToolsVersion = 6.0.1;
					};
					D8DD0AB819E482D800CB0DA3 = {
						CreatedOnToolsVersion = 6.0.1;
						TestTargetID = D8DD0AA319E482D800CB0DA3;
					};
				};
			};
			buildConfigurationList = D8DD0A9F19E482D800CB0DA3 /* Build configuration list for PBXProject "Area Calculator" */;
			compatibilityVersion = "Xcode 3.2";
			developmentRegion = English;
			hasScannedForEncodings = 0;
			knownRegions = (
				en,
				Base,
			);
			mainGroup = D8DD0A9B19E482D800CB0DA3;
			productRefGroup = D8DD0AA519E482D800CB0DA3 /* Products */;
			projectDirPath = "";
			projectRoot = "";
			targets = (
				D8DD0AA319E482D800CB0DA3 /* Area Calculator */,
				D8DD0AB819E482D800CB0DA3 /* Area CalculatorTests */,
			);
		};
/* End PBXProject section */

/* Begin PBXResourcesBuildPhase section */
		D8DD0AA219E482D800CB0DA3 /* Resources */ = {
			isa = PBXResourcesBuildPhase;
			buildActionMask = 2147483647;
			files = (
				D8DD0AAF19E482D800CB0DA3 /* Main.storyboard in Resources */,
				D8DD0AB419E482D800CB0DA3 /* LaunchScreen.xib in Resources */,
				D8DD0AB119E482D800CB0DA3 /* Images.xcassets in Resources */,
			);
			runOnlyForDeploymentPostprocessing = 0;
		};
		D8DD0AB719E482D800CB0DA3 /* Resources */ = {
			isa = PBXResourcesBuildPhase;
			buildActionMask = 2147483647;
			files = (
			);
			runOnlyForDeploymentPostprocessing = 0;
		};
/* End PBXResourcesBuildPhase section */

/* Begin PBXSourcesBuildPhase section */
		D8DD0AA019E482D800CB0DA3 /* Sources */ = {
			isa = PBXSourcesBuildPhase;
			buildActionMask = 2147483647;
			files = (
				D8DD0AAC19E482D800CB0DA3 /* ViewController.swift in Sources */,
				D8DD0AAA19E482D800CB0DA3 /* AppDelegate.swift in Sources */,
			);
			runOnlyForDeploymentPostprocessing = 0;
		};
		D8DD0AB519E482D800CB0DA3 /* Sources */ = {
			isa = PBXSourcesBuildPhase;
			buildActionMask = 2147483647;
			files = (
				D8DD0AC019E482D800CB0DA3 /* Area_CalculatorTests.swift in Sources */,
			);
			runOnlyForDeploymentPostprocessing = 0;
		};
/* End PBXSourcesBuildPhase section */

/* Begin PBXTargetDependency section */
		D8DD0ABB19E482D800CB0DA3 /* PBXTargetDependency */ = {
			isa = PBXTargetDependency;
			target = D8DD0AA319E482D800CB0DA3 /* Area Calculator */;
			targetProxy = D8DD0ABA19E482D800CB0DA3 /* PBXContainerItemProxy */;
		};
/* End PBXTargetDependency section */

/* Begin PBXVariantGroup section */
		D8DD0AAD19E482D800CB0DA3 /* Main.storyboard */ = {
			isa = PBXVariantGroup;
			children = (
				D8DD0AAE19E482D800CB0DA3 /* Base */,
			);
			name = Main.storyboard;
			sourceTree = "<group>";
		};
		D8DD0AB219E482D800CB0DA3 /* LaunchScreen.xib */ = {
			isa = PBXVariantGroup;
			children = (
				D8DD0AB319E482D800CB0DA3 /* Base */,
			);
			name = LaunchScreen.xib;
			sourceTree = "<group>";
		};
/* End PBXVariantGroup section */

/* Begin XCBuildConfiguration section */
		D8DD0AC119E482D800CB0DA3 /* Debug */ = {
			isa = XCBuildConfiguration;
			buildSettings = {
				ALWAYS_SEARCH_USER_PATHS = NO;
				CLANG_CXX_LANGUAGE_STANDARD = "gnu++0x";
				CLANG_CXX_LIBRARY = "libc++";
				CLANG_ENABLE_MODULES = YES;
				CLANG_ENABLE_OBJC_ARC = YES;
				CLANG_WARN_BOOL_CONVERSION = YES;
				CLANG_WARN_CONSTANT_CONVERSION = YES;
				CLANG_WARN_DIRECT_OBJC_ISA_USAGE = YES_ERROR;
				CLANG_WARN_EMPTY_BODY = YES;
				CLANG_WARN_ENUM_CONVERSION = YES;
				CLANG_WARN_INT_CONVERSION = YES;
				CLANG_WARN_OBJC_ROOT_CLASS = YES_ERROR;
				CLANG_WARN_UNREACHABLE_CODE = YES;
				CLANG_WARN__DUPLICATE_METHOD_MATCH = YES;
				"CODE_SIGN_IDENTITY[sdk=iphoneos*]" = "iPhone Developer";
				COPY_PHASE_STRIP = NO;
				ENABLE_STRICT_OBJC_MSGSEND = YES;
				GCC_C_LANGUAGE_STANDARD = gnu99;
				GCC_DYNAMIC_NO_PIC = NO;
				GCC_OPTIMIZATION_LEVEL = 0;
				GCC_PREPROCESSOR_DEFINITIONS = (
					"DEBUG=1",
					"$(inherited)",
				);
				GCC_SYMBOLS_PRIVATE_EXTERN = NO;
				GCC_WARN_64_TO_32_BIT_CONVERSION = YES;
				GCC_WARN_ABOUT_RETURN_TYPE = YES_ERROR;
				GCC_WARN_UNDECLARED_SELECTOR = YES;
				GCC_WARN_UNINITIALIZED_AUTOS = YES_AGGRESSIVE;
				GCC_WARN_UNUSED_FUNCTION = YES;
				GCC_WARN_UNUSED_VARIABLE = YES;
				IPHONEOS_DEPLOYMENT_TARGET = 8.0;
				MTL_ENABLE_DEBUG_INFO = YES;
				ONLY_ACTIVE_ARCH = YES;
				SDKROOT = iphoneos;
				SWIFT_OPTIMIZATION_LEVEL = "-Onone";
				TARGETED_DEVICE_FAMILY = "1,2";
			};
			name = Debug;
		};
		D8DD0AC219E482D800CB0DA3 /* Release */ = {
			isa = XCBuildConfiguration;
			buildSettings = {
				ALWAYS_SEARCH_USER_PATHS = NO;
				CLANG_CXX_LANGUAGE_STANDARD = "gnu++0x";
				CLANG_CXX_LIBRARY = "libc++";
				CLANG_ENABLE_MODULES = YES;
				CLANG_ENABLE_OBJC_ARC = YES;
				CLANG_WARN_BOOL_CONVERSION = YES;
				CLANG_WARN_CONSTANT_CONVERSION = YES;
				CLANG_WARN_DIRECT_OBJC_ISA_USAGE = YES_ERROR;
				CLANG_WARN_EMPTY_BODY = YES;
				CLANG_WARN_ENUM_CONVERSION = YES;
				CLANG_WARN_INT_CONVERSION = YES;
				CLANG_WARN_OBJC_ROOT_CLASS = YES_ERROR;
				CLANG_WARN_UNREACHABLE_CODE = YES;
				CLANG_WARN__DUPLICATE_METHOD_MATCH = YES;
				"CODE_SIGN_IDENTITY[sdk=iphoneos*]" = "iPhone Developer";
				COPY_PHASE_STRIP = YES;
				ENABLE_NS_ASSERTIONS = NO;
				ENABLE_STRICT_OBJC_MSGSEND = YES;
				GCC_C_LANGUAGE_STANDARD = gnu99;
				GCC_WARN_64_TO_32_BIT_CONVERSION = YES;
				GCC_WARN_ABOUT_RETURN_TYPE = YES_ERROR;
				GCC_WARN_UNDECLARED_SELECTOR = YES;
				GCC_WARN_UNINITIALIZED_AUTOS = YES_AGGRESSIVE;
				GCC_WARN_UNUSED_FUNCTION = YES;
				GCC_WARN_UNUSED_VARIABLE = YES;
				IPHONEOS_DEPLOYMENT_TARGET = 8.0;
				MTL_ENABLE_DEBUG_INFO = NO;
				SDKROOT = iphoneos;
				TARGETED_DEVICE_FAMILY = "1,2";
				VALIDATE_PRODUCT = YES;
			};
			name = Release;
		};
		D8DD0AC419E482D800CB0DA3 /* Debug */ = {
			isa = XCBuildConfiguration;
			buildSettings = {
				ASSETCATALOG_COMPILER_APPICON_NAME = AppIcon;
				INFOPLIST_FILE = "Area Calculator/Info.plist";
				LD_RUNPATH_SEARCH_PATHS = "$(inherited) @executable_path/Frameworks";
				PRODUCT_NAME = "$(TARGET_NAME)";
			};
			name = Debug;
		};
		D8DD0AC519E482D800CB0DA3 /* Release */ = {
			isa = XCBuildConfiguration;
			buildSettings = {
				ASSETCATALOG_COMPILER_APPICON_NAME = AppIcon;
				INFOPLIST_FILE = "Area Calculator/Info.plist";
				LD_RUNPATH_SEARCH_PATHS = "$(inherited) @executable_path/Frameworks";
				PRODUCT_NAME = "$(TARGET_NAME)";
			};
			name = Release;
		};
		D8DD0AC719E482D800CB0DA3 /* Debug */ = {
			isa = XCBuildConfiguration;
			buildSettings = {
				BUNDLE_LOADER = "$(TEST_HOST)";
				FRAMEWORK_SEARCH_PATHS = (
					"$(SDKROOT)/Developer/Library/Frameworks",
					"$(inherited)",
				);
				GCC_PREPROCESSOR_DEFINITIONS = (
					"DEBUG=1",
					"$(inherited)",
				);
				INFOPLIST_FILE = "Area CalculatorTests/Info.plist";
				LD_RUNPATH_SEARCH_PATHS = "$(inherited) @executable_path/Frameworks @loader_path/Frameworks";
				PRODUCT_NAME = "$(TARGET_NAME)";
				TEST_HOST = "$(BUILT_PRODUCTS_DIR)/Area Calculator.app/Area Calculator";
			};
			name = Debug;
		};
		D8DD0AC819E482D800CB0DA3 /* Release */ = {
			isa = XCBuildConfiguration;
			buildSettings = {
				BUNDLE_LOADER = "$(TEST_HOST)";
				FRAMEWORK_SEARCH_PATHS = (
					"$(SDKROOT)/Developer/Library/Frameworks",
					"$(inherited)",
				);
				INFOPLIST_FILE = "Area CalculatorTests/Info.plist";
				LD_RUNPATH_SEARCH_PATHS = "$(inherited) @executable_path/Frameworks @loader_path/Frameworks";
				PRODUCT_NAME = "$(TARGET_NAME)";
				TEST_HOST = "$(BUILT_PRODUCTS_DIR)/Area Calculator.app/Area Calculator";
			};
			name = Release;
		};
/* End XCBuildConfiguration section */

/* Begin XCConfigurationList section */
		D8DD0A9F19E482D800CB0DA3 /* Build configuration list for PBXProject "Area Calculator" */ = {
			isa = XCConfigurationList;
			buildConfigurations = (
				D8DD0AC119E482D800CB0DA3 /* Debug */,
				D8DD0AC219E482D800CB0DA3 /* Release */,
			);
			defaultConfigurationIsVisible = 0;
			defaultConfigurationName = Release;
		};
		D8DD0AC319E482D800CB0DA3 /* Build configuration list for PBXNativeTarget "Area Calculator" */ = {
			isa = XCConfigurationList;
			buildConfigurations = (
				D8DD0AC419E482D800CB0DA3 /* Debug */,
				D8DD0AC519E482D800CB0DA3 /* Release */,
			);
			defaultConfigurationIsVisible = 0;
		};
		D8DD0AC619E482D800CB0DA3 /* Build configuration list for PBXNativeTarget "Area CalculatorTests" */ = {
			isa = XCConfigurationList;
			buildConfigurations = (
				D8DD0AC719E482D800CB0DA3 /* Debug */,
				D8DD0AC819E482D800CB0DA3 /* Release */,
			);
			defaultConfigurationIsVisible = 0;
		};
/* End XCConfigurationList section */
	};
	rootObject = D8DD0A9C19E482D800CB0DA3 /* Project object */;
}
